
Microsoft Visual Studio Solution File, Format Version 12.00
# Visual Studio 2013
VisualStudioVersion = 12.0.40418.0
MinimumVisualStudioVersion = 10.0.40219.1
Project("{FAE04EC0-301F-11D3-BF4B-00C04F79EFBC}") = "EntityFrameworkTableSplittingCodeFirst", "EntityFrameworkTableSplittingCodeFirst\EntityFrameworkTableSplittingCodeFirst.csproj", "{AE43D06F-FF73-4425-9845-BC2B56A78D0E}"
EndProject
Global
	GlobalSection(SolutionConfigurationPlatforms) = preSolution
		Debug|Any CPU = Debug|Any CPU
		Release|Any CPU = Release|Any CPU
	EndGlobalSection
	GlobalSection(ProjectConfigurationPlatforms) = postSolution
		{AE43D06F-FF73-4425-9845-BC2B56A78D0E}.Debug|Any CPU.ActiveCfg = Debug|Any CPU
		{AE43D06F-FF73-4425-9845-BC2B56A78D0E}.Debug|Any CPU.Build.0 = Debug|Any CPU
		{AE43D06F-FF73-4425-9845-BC2B56A78D0E}.Release|Any CPU.ActiveCfg = Release|Any CPU
		{AE43D06F-FF73-4425-9845-BC2B56A78D0E}.Release|Any CPU.Build.0 = Release|Any CPU
	EndGlobalSection
	GlobalSection(SolutionProperties) = preSolution
		HideSolutionNode = FALSE
	EndGlobalSection
EndGlobal
